// !$*UTF8*$!
{
	archiveVersion = 1;
	classes = {
	};
	objectVersion = 46;
	objects = {

/* Begin PBXBuildFile section */
		0EB4DFD91B29F1B80007192A /* main.m in Sources */ = {isa = PBXBuildFile; fileRef = 0EB4DFD81B29F1B80007192A /* main.m */; };
		0EB4DFDC1B29F1B80007192A /* AppDelegate.m in Sources */ = {isa = PBXBuildFile; fileRef = 0EB4DFDB1B29F1B80007192A /* AppDelegate.m */; };
		0EB4DFDF1B29F1B80007192A /* LoadXIB.xcdatamodeld in Sources */ = {isa = PBXBuildFile; fileRef = 0EB4DFDD1B29F1B80007192A /* LoadXIB.xcdatamodeld */; };
		0EB4DFE21B29F1B80007192A /* ViewController.m in Sources */ = {isa = PBXBuildFile; fileRef = 0EB4DFE11B29F1B80007192A /* ViewController.m */; };
		0EB4DFE51B29F1B80007192A /* Main.storyboard in Resources */ = {isa = PBXBuildFile; fileRef = 0EB4DFE31B29F1B80007192A /* Main.storyboard */; };
		0EB4DFE71B29F1B80007192A /* Images.xcassets in Resources */ = {isa = PBXBuildFile; fileRef = 0EB4DFE61B29F1B80007192A /* Images.xcassets */; };
		0EB4DFEA1B29F1B80007192A /* LaunchScreen.xib in Resources */ = {isa = PBXBuildFile; fileRef = 0EB4DFE81B29F1B80007192A /* LaunchScreen.xib */; };
		0EB4DFF61B29F1B80007192A /* LoadXIBTests.m in Sources */ = {isa = PBXBuildFile; fileRef = 0EB4DFF51B29F1B80007192A /* LoadXIBTests.m */; };
		0EB4E0021B29F1DE0007192A /* XibViewController.m in Sources */ = {isa = PBXBuildFile; fileRef = 0EB4E0001B29F1DE0007192A /* XibViewController.m */; };
		0EB4E0031B29F1DE0007192A /* XibViewController.xib in Resources */ = {isa = PBXBuildFile; fileRef = 0EB4E0011B29F1DE0007192A /* XibViewController.xib */; };
/* End PBXBuildFile section */

/* Begin PBXContainerItemProxy section */
		0EB4DFF01B29F1B80007192A /* PBXContainerItemProxy */ = {
			isa = PBXContainerItemProxy;
			containerPortal = 0EB4DFCB1B29F1B80007192A /* Project object */;
			proxyType = 1;
			remoteGlobalIDString = 0EB4DFD21B29F1B80007192A;
			remoteInfo = LoadXIB;
		};
/* End PBXContainerItemProxy section */

/* Begin PBXFileReference section */
		0EB4DFD31B29F1B80007192A /* LoadXIB.app */ = {isa = PBXFileReference; explicitFileType = wrapper.application; includeInIndex = 0; path = LoadXIB.app; sourceTree = BUILT_PRODUCTS_DIR; };
		0EB4DFD71B29F1B80007192A /* Info.plist */ = {isa = PBXFileReference; lastKnownFileType = text.plist.xml; path = Info.plist; sourceTree = "<group>"; };
		0EB4DFD81B29F1B80007192A /* main.m */ = {isa = PBXFileReference; lastKnownFileType = sourcecode.c.objc; path = main.m; sourceTree = "<group>"; };
		0EB4DFDA1B29F1B80007192A /* AppDelegate.h */ = {isa = PBXFileReference; lastKnownFileType = sourcecode.c.h; path = AppDelegate.h; sourceTree = "<group>"; };
		0EB4DFDB1B29F1B80007192A /* AppDelegate.m */ = {isa = PBXFileReference; lastKnownFileType = sourcecode.c.objc; path = AppDelegate.m; sourceTree = "<group>"; };
		0EB4DFDE1B29F1B80007192A /* LoadXIB.xcdatamodel */ = {isa = PBXFileReference; lastKnownFileType = wrapper.xcdatamodel; path = LoadXIB.xcdatamodel; sourceTree = "<group>"; };
		0EB4DFE01B29F1B80007192A /* ViewController.h */ = {isa = PBXFileReference; lastKnownFileType = sourcecode.c.h; path = ViewController.h; sourceTree = "<group>"; };
		0EB4DFE11B29F1B80007192A /* ViewController.m */ = {isa = PBXFileReference; lastKnownFileType = sourcecode.c.objc; path = ViewController.m; sourceTree = "<group>"; };
		0EB4DFE41B29F1B80007192A /* Base */ = {isa = PBXFileReference; lastKnownFileType = file.storyboard; name = Base; path = Base.lproj/Main.storyboard; sourceTree = "<group>"; };
		0EB4DFE61B29F1B80007192A /* Images.xcassets */ = {isa = PBXFileReference; lastKnownFileType = folder.assetcatalog; path = Images.xcassets; sourceTree = "<group>"; };
		0EB4DFE91B29F1B80007192A /* Base */ = {isa = PBXFileReference; lastKnownFileType = file.xib; name = Base; path = Base.lproj/LaunchScreen.xib; sourceTree = "<group>"; };
		0EB4DFEF1B29F1B80007192A /* LoadXIBTests.xctest */ = {isa = PBXFileReference; explicitFileType = wrapper.cfbundle; includeInIndex = 0; path = LoadXIBTests.xctest; sourceTree = BUILT_PRODUCTS_DIR; };
		0EB4DFF41B29F1B80007192A /* Info.plist */ = {isa = PBXFileReference; lastKnownFileType = text.plist.xml; path = Info.plist; sourceTree = "<group>"; };
		0EB4DFF51B29F1B80007192A /* LoadXIBTests.m */ = {isa = PBXFileReference; lastKnownFileType = sourcecode.c.objc; path = LoadXIBTests.m; sourceTree = "<group>"; };
		0EB4DFFF1B29F1DE0007192A /* XibViewController.h */ = {isa = PBXFileReference; fileEncoding = 4; lastKnownFileType = sourcecode.c.h; path = XibViewController.h; sourceTree = "<group>"; };
		0EB4E0001B29F1DE0007192A /* XibViewController.m */ = {isa = PBXFileReference; fileEncoding = 4; lastKnownFileType = sourcecode.c.objc; path = XibViewController.m; sourceTree = "<group>"; };
		0EB4E0011B29F1DE0007192A /* XibViewController.xib */ = {isa = PBXFileReference; fileEncoding = 4; lastKnownFileType = file.xib; path = XibViewController.xib; sourceTree = "<group>"; };
/* End PBXFileReference section */

/* Begin PBXFrameworksBuildPhase section */
		0EB4DFD01B29F1B80007192A /* Frameworks */ = {
			isa = PBXFrameworksBuildPhase;
			buildActionMask = 2147483647;
			files = (
			);
			runOnlyForDeploymentPostprocessing = 0;
		};
		0EB4DFEC1B29F1B80007192A /* Frameworks */ = {
			isa = PBXFrameworksBuildPhase;
			buildActionMask = 2147483647;
			files = (
			);
			runOnlyForDeploymentPostprocessing = 0;
		};
/* End PBXFrameworksBuildPhase section */

/* Begin PBXGroup section */
		0EB4DFCA1B29F1B80007192A = {
			isa = PBXGroup;
			children = (
				0EB4DFD51B29F1B80007192A /* LoadXIB */,
				0EB4DFF21B29F1B80007192A /* LoadXIBTests */,
				0EB4DFD41B29F1B80007192A /* Products */,
			);
			sourceTree = "<group>";
		};
		0EB4DFD41B29F1B80007192A /* Products */ = {
			isa = PBXGroup;
			children = (
				0EB4DFD31B29F1B80007192A /* LoadXIB.app */,
				0EB4DFEF1B29F1B80007192A /* LoadXIBTests.xctest */,
			);
			name = Products;
			sourceTree = "<group>";
		};
		0EB4DFD51B29F1B80007192A /* LoadXIB */ = {
			isa = PBXGroup;
			children = (
				0EB4DFDA1B29F1B80007192A /* AppDelegate.h */,
				0EB4DFDB1B29F1B80007192A /* AppDelegate.m */,
				0EB4DFFF1B29F1DE0007192A /* XibViewController.h */,
				0EB4E0001B29F1DE0007192A /* XibViewController.m */,
				0EB4E0011B29F1DE0007192A /* XibViewController.xib */,
				0EB4DFE01B29F1B80007192A /* ViewController.h */,
				0EB4DFE11B29F1B80007192A /* ViewController.m */,
				0EB4DFE31B29F1B80007192A /* Main.storyboard */,
				0EB4DFE61B29F1B80007192A /* Images.xcassets */,
				0EB4DFE81B29F1B80007192A /* LaunchScreen.xib */,
				0EB4DFDD1B29F1B80007192A /* LoadXIB.xcdatamodeld */,
				0EB4DFD61B29F1B80007192A /* Supporting Files */,
			);
			path = LoadXIB;
			sourceTree = "<group>";
		};
		0EB4DFD61B29F1B80007192A /* Supporting Files */ = {
			isa = PBXGroup;
			children = (
				0EB4DFD71B29F1B80007192A /* Info.plist */,
				0EB4DFD81B29F1B80007192A /* main.m */,
			);
			name = "Supporting Files";
			sourceTree = "<group>";
		};
		0EB4DFF21B29F1B80007192A /* LoadXIBTests */ = {
			isa = PBXGroup;
			children = (
				0EB4DFF51B29F1B80007192A /* LoadXIBTests.m */,
				0EB4DFF31B29F1B80007192A /* Supporting Files */,
			);
			path = LoadXIBTests;
			sourceTree = "<group>";
		};
		0EB4DFF31B29F1B80007192A /* Supporting Files */ = {
			isa = PBXGroup;
			children = (
				0EB4DFF41B29F1B80007192A /* Info.plist */,
			);
			name = "Supporting Files";
			sourceTree = "<group>";
		};
/* End PBXGroup section */

/* Begin PBXNativeTarget section */
		0EB4DFD21B29F1B80007192A /* LoadXIB */ = {
			isa = PBXNativeTarget;
			buildConfigurationList = 0EB4DFF91B29F1B80007192A /* Build configuration list for PBXNativeTarget "LoadXIB" */;
			buildPhases = (
				0EB4DFCF1B29F1B80007192A /* Sources */,
				0EB4DFD01B29F1B80007192A /* Frameworks */,
				0EB4DFD11B29F1B80007192A /* Resources */,
			);
			buildRules = (
			);
			dependencies = (
			);
			name = LoadXIB;
			productName = LoadXIB;
			productReference = 0EB4DFD31B29F1B80007192A /* LoadXIB.app */;
			productType = "com.apple.product-type.application";
		};
		0EB4DFEE1B29F1B80007192A /* LoadXIBTests */ = {
			isa = PBXNativeTarget;
			buildConfigurationList = 0EB4DFFC1B29F1B80007192A /* Build configuration list for PBXNativeTarget "LoadXIBTests" */;
			buildPhases = (
				0EB4DFEB1B29F1B80007192A /* Sources */,
				0EB4DFEC1B29F1B80007192A /* Frameworks */,
				0EB4DFED1B29F1B80007192A /* Resources */,
			);
			buildRules = (
			);
			dependencies = (
				0EB4DFF11B29F1B80007192A /* PBXTargetDependency */,
			);
			name = LoadXIBTests;
			productName = LoadXIBTests;
			productReference = 0EB4DFEF1B29F1B80007192A /* LoadXIBTests.xctest */;
			productType = "com.apple.product-type.bundle.unit-test";
		};
/* End PBXNativeTarget section */

/* Begin PBXProject section */
		0EB4DFCB1B29F1B80007192A /* Project object */ = {
			isa = PBXProject;
			attributes = {
				LastUpgradeCheck = 0630;
				ORGANIZATIONNAME = "OA Wu";
				TargetAttributes = {
					0EB4DFD21B29F1B80007192A = {
						CreatedOnToolsVersion = 6.3.2;
						DevelopmentTeam = V6T9TGS4ET;
					};
					0EB4DFEE1B29F1B80007192A = {
						CreatedOnToolsVersion = 6.3.2;
						TestTargetID = 0EB4DFD21B29F1B80007192A;
					};
				};
			};
			buildConfigurationList = 0EB4DFCE1B29F1B80007192A /* Build configuration list for PBXProject "LoadXIB" */;
			compatibilityVersion = "Xcode 3.2";
			developmentRegion = English;
			hasScannedForEncodings = 0;
			knownRegions = (
				en,
				Base,
			);
			mainGroup = 0EB4DFCA1B29F1B80007192A;
			productRefGroup = 0EB4DFD41B29F1B80007192A /* Products */;
			projectDirPath = "";
			projectRoot = "";
			targets = (
				0EB4DFD21B29F1B80007192A /* LoadXIB */,
				0EB4DFEE1B29F1B80007192A /* LoadXIBTests */,
			);
		};
/* End PBXProject section */

/* Begin PBXResourcesBuildPhase section */
		0EB4DFD11B29F1B80007192A /* Resources */ = {
			isa = PBXResourcesBuildPhase;
			buildActionMask = 2147483647;
			files = (
				0EB4E0031B29F1DE0007192A /* XibViewController.xib in Resources */,
				0EB4DFE51B29F1B80007192A /* Main.storyboard in Resources */,
				0EB4DFEA1B29F1B80007192A /* LaunchScreen.xib in Resources */,
				0EB4DFE71B29F1B80007192A /* Images.xcassets in Resources */,
			);
			runOnlyForDeploymentPostprocessing = 0;
		};
		0EB4DFED1B29F1B80007192A /* Resources */ = {
			isa = PBXResourcesBuildPhase;
			buildActionMask = 2147483647;
			files = (
			);
			runOnlyForDeploymentPostprocessing = 0;
		};
/* End PBXResourcesBuildPhase section */

/* Begin PBXSourcesBuildPhase section */
		0EB4DFCF1B29F1B80007192A /* Sources */ = {
			isa = PBXSourcesBuildPhase;
			buildActionMask = 2147483647;
			files = (
				0EB4DFDF1B29F1B80007192A /* LoadXIB.xcdatamodeld in Sources */,
				0EB4DFDC1B29F1B80007192A /* AppDelegate.m in Sources */,
				0EB4DFE21B29F1B80007192A /* ViewController.m in Sources */,
				0EB4E0021B29F1DE0007192A /* XibViewController.m in Sources */,
				0EB4DFD91B29F1B80007192A /* main.m in Sources */,
			);
			runOnlyForDeploymentPostprocessing = 0;
		};
		0EB4DFEB1B29F1B80007192A /* Sources */ = {
			isa = PBXSourcesBuildPhase;
			buildActionMask = 2147483647;
			files = (
				0EB4DFF61B29F1B80007192A /* LoadXIBTests.m in Sources */,
			);
			runOnlyForDeploymentPostprocessing = 0;
		};
/* End PBXSourcesBuildPhase section */

/* Begin PBXTargetDependency section */
		0EB4DFF11B29F1B80007192A /* PBXTargetDependency */ = {
			isa = PBXTargetDependency;
			target = 0EB4DFD21B29F1B80007192A /* LoadXIB */;
			targetProxy = 0EB4DFF01B29F1B80007192A /* PBXContainerItemProxy */;
		};
/* End PBXTargetDependency section */

/* Begin PBXVariantGroup section */
		0EB4DFE31B29F1B80007192A /* Main.storyboard */ = {
			isa = PBXVariantGroup;
			children = (
				0EB4DFE41B29F1B80007192A /* Base */,
			);
			name = Main.storyboard;
			sourceTree = "<group>";
		};
		0EB4DFE81B29F1B80007192A /* LaunchScreen.xib */ = {
			isa = PBXVariantGroup;
			children = (
				0EB4DFE91B29F1B80007192A /* Base */,
			);
			name = LaunchScreen.xib;
			sourceTree = "<group>";
		};
/* End PBXVariantGroup section */

/* Begin XCBuildConfiguration section */
		0EB4DFF71B29F1B80007192A /* Debug */ = {
			isa = XCBuildConfiguration;
			buildSettings = {
				ALWAYS_SEARCH_USER_PATHS = NO;
				CLANG_CXX_LANGUAGE_STANDARD = "gnu++0x";
				CLANG_CXX_LIBRARY = "libc++";
				CLANG_ENABLE_MODULES = YES;
				CLANG_ENABLE_OBJC_ARC = YES;
				CLANG_WARN_BOOL_CONVERSION = YES;
				CLANG_WARN_CONSTANT_CONVERSION = YES;
				CLANG_WARN_DIRECT_OBJC_ISA_USAGE = YES_ERROR;
				CLANG_WARN_EMPTY_BODY = YES;
				CLANG_WARN_ENUM_CONVERSION = YES;
				CLANG_WARN_INT_CONVERSION = YES;
				CLANG_WARN_OBJC_ROOT_CLASS = YES_ERROR;
				CLANG_WARN_UNREACHABLE_CODE = YES;
				CLANG_WARN__DUPLICATE_METHOD_MATCH = YES;
				"CODE_SIGN_IDENTITY[sdk=iphoneos*]" = "iPhone Developer";
				COPY_PHASE_STRIP = NO;
				DEBUG_INFORMATION_FORMAT = "dwarf-with-dsym";
				ENABLE_STRICT_OBJC_MSGSEND = YES;
				GCC_C_LANGUAGE_STANDARD = gnu99;
				GCC_DYNAMIC_NO_PIC = NO;
				GCC_NO_COMMON_BLOCKS = YES;
				GCC_OPTIMIZATION_LEVEL = 0;
				GCC_PREPROCESSOR_DEFINITIONS = (
					"DEBUG=1",
					"$(inherited)",
				);
				GCC_SYMBOLS_PRIVATE_EXTERN = NO;
				GCC_WARN_64_TO_32_BIT_CONVERSION = YES;
				GCC_WARN_ABOUT_RETURN_TYPE = YES_ERROR;
				GCC_WARN_UNDECLARED_SELECTOR = YES;
				GCC_WARN_UNINITIALIZED_AUTOS = YES_AGGRESSIVE;
				GCC_WARN_UNUSED_FUNCTION = YES;
				GCC_WARN_UNUSED_VARIABLE = YES;
				IPHONEOS_DEPLOYMENT_TARGET = 8.3;
				MTL_ENABLE_DEBUG_INFO = YES;
				ONLY_ACTIVE_ARCH = YES;
				SDKROOT = iphoneos;
			};
			name = Debug;
		};
		0EB4DFF81B29F1B80007192A /* Release */ = {
			isa = XCBuildConfiguration;
			buildSettings = {
				ALWAYS_SEARCH_USER_PATHS = NO;
				CLANG_CXX_LANGUAGE_STANDARD = "gnu++0x";
				CLANG_CXX_LIBRARY = "libc++";
				CLANG_ENABLE_MODULES = YES;
				CLANG_ENABLE_OBJC_ARC = YES;
				CLANG_WARN_BOOL_CONVERSION = YES;
				CLANG_WARN_CONSTANT_CONVERSION = YES;
				CLANG_WARN_DIRECT_OBJC_ISA_USAGE = YES_ERROR;
				CLANG_WARN_EMPTY_BODY = YES;
				CLANG_WARN_ENUM_CONVERSION = YES;
				CLANG_WARN_INT_CONVERSION = YES;
				CLANG_WARN_OBJC_ROOT_CLASS = YES_ERROR;
				CLANG_WARN_UNREACHABLE_CODE = YES;
				CLANG_WARN__DUPLICATE_METHOD_MATCH = YES;
				"CODE_SIGN_IDENTITY[sdk=iphoneos*]" = "iPhone Developer";
				COPY_PHASE_STRIP = NO;
				DEBUG_INFORMATION_FORMAT = "dwarf-with-dsym";
				ENABLE_NS_ASSERTIONS = NO;
				ENABLE_STRICT_OBJC_MSGSEND = YES;
				GCC_C_LANGUAGE_STANDARD = gnu99;
				GCC_NO_COMMON_BLOCKS = YES;
				GCC_WARN_64_TO_32_BIT_CONVERSION = YES;
				GCC_WARN_ABOUT_RETURN_TYPE = YES_ERROR;
				GCC_WARN_UNDECLARED_SELECTOR = YES;
				GCC_WARN_UNINITIALIZED_AUTOS = YES_AGGRESSIVE;
				GCC_WARN_UNUSED_FUNCTION = YES;
				GCC_WARN_UNUSED_VARIABLE = YES;
				IPHONEOS_DEPLOYMENT_TARGET = 8.3;
				MTL_ENABLE_DEBUG_INFO = NO;
				SDKROOT = iphoneos;
				VALIDATE_PRODUCT = YES;
			};
			name = Release;
		};
		0EB4DFFA1B29F1B80007192A /* Debug */ = {
			isa = XCBuildConfiguration;
			buildSettings = {
				ASSETCATALOG_COMPILER_APPICON_NAME = AppIcon;
				CODE_SIGN_IDENTITY = "iPhone Developer";
				INFOPLIST_FILE = LoadXIB/Info.plist;
				LD_RUNPATH_SEARCH_PATHS = "$(inherited) @executable_path/Frameworks";
				PRODUCT_NAME = "$(TARGET_NAME)";
			};
			name = Debug;
		};
		0EB4DFFB1B29F1B80007192A /* Release */ = {
			isa = XCBuildConfiguration;
			buildSettings = {
				ASSETCATALOG_COMPILER_APPICON_NAME = AppIcon;
				CODE_SIGN_IDENTITY = "iPhone Developer";
				INFOPLIST_FILE = LoadXIB/Info.plist;
				LD_RUNPATH_SEARCH_PATHS = "$(inherited) @executable_path/Frameworks";
				PRODUCT_NAME = "$(TARGET_NAME)";
			};
			name = Release;
		};
		0EB4DFFD1B29F1B80007192A /* Debug */ = {
			isa = XCBuildConfiguration;
			buildSettings = {
				BUNDLE_LOADER = "$(TEST_HOST)";
				FRAMEWORK_SEARCH_PATHS = (
					"$(SDKROOT)/Developer/Library/Frameworks",
					"$(inherited)",
				);
				GCC_PREPROCESSOR_DEFINITIONS = (
					"DEBUG=1",
					"$(inherited)",
				);
				INFOPLIST_FILE = LoadXIBTests/Info.plist;
				LD_RUNPATH_SEARCH_PATHS = "$(inherited) @executable_path/Frameworks @loader_path/Frameworks";
				PRODUCT_NAME = "$(TARGET_NAME)";
				TEST_HOST = "$(BUILT_PRODUCTS_DIR)/LoadXIB.app/LoadXIB";
			};
			name = Debug;
		};
		0EB4DFFE1B29F1B80007192A /* Release */ = {
			isa = XCBuildConfiguration;
			buildSettings = {
				BUNDLE_LOADER = "$(TEST_HOST)";
				FRAMEWORK_SEARCH_PATHS = (
					"$(SDKROOT)/Developer/Library/Frameworks",
					"$(inherited)",
				);
				INFOPLIST_FILE = LoadXIBTests/Info.plist;
				LD_RUNPATH_SEARCH_PATHS = "$(inherited) @executable_path/Frameworks @loader_path/Frameworks";
				PRODUCT_NAME = "$(TARGET_NAME)";
				TEST_HOST = "$(BUILT_PRODUCTS_DIR)/LoadXIB.app/LoadXIB";
			};
			name = Release;
		};
/* End XCBuildConfiguration section */

/* Begin XCConfigurationList section */
		0EB4DFCE1B29F1B80007192A /* Build configuration list for PBXProject "LoadXIB" */ = {
			isa = XCConfigurationList;
			buildConfigurations = (
				0EB4DFF71B29F1B80007192A /* Debug */,
				0EB4DFF81B29F1B80007192A /* Release */,
			);
			defaultConfigurationIsVisible = 0;
			defaultConfigurationName = Release;
		};
		0EB4DFF91B29F1B80007192A /* Build configuration list for PBXNativeTarget "LoadXIB" */ = {
			isa = XCConfigurationList;
			buildConfigurations = (
				0EB4DFFA1B29F1B80007192A /* Debug */,
				0EB4DFFB1B29F1B80007192A /* Release */,
			);
			defaultConfigurationIsVisible = 0;
		};
		0EB4DFFC1B29F1B80007192A /* Build configuration list for PBXNativeTarget "LoadXIBTests" */ = {
			isa = XCConfigurationList;
			buildConfigurations = (
				0EB4DFFD1B29F1B80007192A /* Debug */,
				0EB4DFFE1B29F1B80007192A /* Release */,
			);
			defaultConfigurationIsVisible = 0;
		};
/* End XCConfigurationList section */

/* Begin XCVersionGroup section */
		0EB4DFDD1B29F1B80007192A /* LoadXIB.xcdatamodeld */ = {
			isa = XCVersionGroup;
			children = (
				0EB4DFDE1B29F1B80007192A /* LoadXIB.xcdatamodel */,
			);
			currentVersion = 0EB4DFDE1B29F1B80007192A /* LoadXIB.xcdatamodel */;
			path = LoadXIB.xcdatamodeld;
			sourceTree = "<group>";
			versionGroupType = wrapper.xcdatamodel;
		};
/* End XCVersionGroup section */
	};
	rootObject = 0EB4DFCB1B29F1B80007192A /* Project object */;
}
