// !$*UTF8*$!
{
	archiveVersion = 1;
	classes = {
	};
	objectVersion = 46;
	objects = {

/* Begin PBXBuildFile section */
		0EB4E2A71B2B19B10007192A /* main.m in Sources */ = {isa = PBXBuildFile; fileRef = 0EB4E2A61B2B19B10007192A /* main.m */; };
		0EB4E2AA1B2B19B10007192A /* AppDelegate.m in Sources */ = {isa = PBXBuildFile; fileRef = 0EB4E2A91B2B19B10007192A /* AppDelegate.m */; };
		0EB4E2AD1B2B19B10007192A /* Scroll2.xcdatamodeld in Sources */ = {isa = PBXBuildFile; fileRef = 0EB4E2AB1B2B19B10007192A /* Scroll2.xcdatamodeld */; };
		0EB4E2B01B2B19B10007192A /* ViewController.m in Sources */ = {isa = PBXBuildFile; fileRef = 0EB4E2AF1B2B19B10007192A /* ViewController.m */; };
		0EB4E2B31B2B19B10007192A /* Main.storyboard in Resources */ = {isa = PBXBuildFile; fileRef = 0EB4E2B11B2B19B10007192A /* Main.storyboard */; };
		0EB4E2B51B2B19B10007192A /* Images.xcassets in Resources */ = {isa = PBXBuildFile; fileRef = 0EB4E2B41B2B19B10007192A /* Images.xcassets */; };
		0EB4E2B81B2B19B10007192A /* LaunchScreen.xib in Resources */ = {isa = PBXBuildFile; fileRef = 0EB4E2B61B2B19B10007192A /* LaunchScreen.xib */; };
		0EB4E2C41B2B19B10007192A /* Scroll2Tests.m in Sources */ = {isa = PBXBuildFile; fileRef = 0EB4E2C31B2B19B10007192A /* Scroll2Tests.m */; };
		0EB4E2D21B2B19E80007192A /* 1.jpg in Resources */ = {isa = PBXBuildFile; fileRef = 0EB4E2CF1B2B19E80007192A /* 1.jpg */; };
		0EB4E2D31B2B19E80007192A /* 2.jpg in Resources */ = {isa = PBXBuildFile; fileRef = 0EB4E2D01B2B19E80007192A /* 2.jpg */; };
		0EB4E2D41B2B19E80007192A /* 3.jpg in Resources */ = {isa = PBXBuildFile; fileRef = 0EB4E2D11B2B19E80007192A /* 3.jpg */; };
/* End PBXBuildFile section */

/* Begin PBXContainerItemProxy section */
		0EB4E2BE1B2B19B10007192A /* PBXContainerItemProxy */ = {
			isa = PBXContainerItemProxy;
			containerPortal = 0EB4E2991B2B19B10007192A /* Project object */;
			proxyType = 1;
			remoteGlobalIDString = 0EB4E2A01B2B19B10007192A;
			remoteInfo = Scroll2;
		};
/* End PBXContainerItemProxy section */

/* Begin PBXFileReference section */
		0EB4E2A11B2B19B10007192A /* Scroll2.app */ = {isa = PBXFileReference; explicitFileType = wrapper.application; includeInIndex = 0; path = Scroll2.app; sourceTree = BUILT_PRODUCTS_DIR; };
		0EB4E2A51B2B19B10007192A /* Info.plist */ = {isa = PBXFileReference; lastKnownFileType = text.plist.xml; path = Info.plist; sourceTree = "<group>"; };
		0EB4E2A61B2B19B10007192A /* main.m */ = {isa = PBXFileReference; lastKnownFileType = sourcecode.c.objc; path = main.m; sourceTree = "<group>"; };
		0EB4E2A81B2B19B10007192A /* AppDelegate.h */ = {isa = PBXFileReference; lastKnownFileType = sourcecode.c.h; path = AppDelegate.h; sourceTree = "<group>"; };
		0EB4E2A91B2B19B10007192A /* AppDelegate.m */ = {isa = PBXFileReference; lastKnownFileType = sourcecode.c.objc; path = AppDelegate.m; sourceTree = "<group>"; };
		0EB4E2AC1B2B19B10007192A /* Scroll2.xcdatamodel */ = {isa = PBXFileReference; lastKnownFileType = wrapper.xcdatamodel; path = Scroll2.xcdatamodel; sourceTree = "<group>"; };
		0EB4E2AE1B2B19B10007192A /* ViewController.h */ = {isa = PBXFileReference; lastKnownFileType = sourcecode.c.h; path = ViewController.h; sourceTree = "<group>"; };
		0EB4E2AF1B2B19B10007192A /* ViewController.m */ = {isa = PBXFileReference; lastKnownFileType = sourcecode.c.objc; path = ViewController.m; sourceTree = "<group>"; };
		0EB4E2B21B2B19B10007192A /* Base */ = {isa = PBXFileReference; lastKnownFileType = file.storyboard; name = Base; path = Base.lproj/Main.storyboard; sourceTree = "<group>"; };
		0EB4E2B41B2B19B10007192A /* Images.xcassets */ = {isa = PBXFileReference; lastKnownFileType = folder.assetcatalog; path = Images.xcassets; sourceTree = "<group>"; };
		0EB4E2B71B2B19B10007192A /* Base */ = {isa = PBXFileReference; lastKnownFileType = file.xib; name = Base; path = Base.lproj/LaunchScreen.xib; sourceTree = "<group>"; };
		0EB4E2BD1B2B19B10007192A /* Scroll2Tests.xctest */ = {isa = PBXFileReference; explicitFileType = wrapper.cfbundle; includeInIndex = 0; path = Scroll2Tests.xctest; sourceTree = BUILT_PRODUCTS_DIR; };
		0EB4E2C21B2B19B10007192A /* Info.plist */ = {isa = PBXFileReference; lastKnownFileType = text.plist.xml; path = Info.plist; sourceTree = "<group>"; };
		0EB4E2C31B2B19B10007192A /* Scroll2Tests.m */ = {isa = PBXFileReference; lastKnownFileType = sourcecode.c.objc; path = Scroll2Tests.m; sourceTree = "<group>"; };
		0EB4E2CF1B2B19E80007192A /* 1.jpg */ = {isa = PBXFileReference; lastKnownFileType = image.jpeg; path = 1.jpg; sourceTree = "<group>"; };
		0EB4E2D01B2B19E80007192A /* 2.jpg */ = {isa = PBXFileReference; lastKnownFileType = image.jpeg; path = 2.jpg; sourceTree = "<group>"; };
		0EB4E2D11B2B19E80007192A /* 3.jpg */ = {isa = PBXFileReference; lastKnownFileType = image.jpeg; path = 3.jpg; sourceTree = "<group>"; };
/* End PBXFileReference section */

/* Begin PBXFrameworksBuildPhase section */
		0EB4E29E1B2B19B10007192A /* Frameworks */ = {
			isa = PBXFrameworksBuildPhase;
			buildActionMask = 2147483647;
			files = (
			);
			runOnlyForDeploymentPostprocessing = 0;
		};
		0EB4E2BA1B2B19B10007192A /* Frameworks */ = {
			isa = PBXFrameworksBuildPhase;
			buildActionMask = 2147483647;
			files = (
			);
			runOnlyForDeploymentPostprocessing = 0;
		};
/* End PBXFrameworksBuildPhase section */

/* Begin PBXGroup section */
		0EB4E2981B2B19B10007192A = {
			isa = PBXGroup;
			children = (
				0EB4E2CE1B2B19DA0007192A /* images */,
				0EB4E2A31B2B19B10007192A /* Scroll2 */,
				0EB4E2C01B2B19B10007192A /* Scroll2Tests */,
				0EB4E2A21B2B19B10007192A /* Products */,
			);
			sourceTree = "<group>";
		};
		0EB4E2A21B2B19B10007192A /* Products */ = {
			isa = PBXGroup;
			children = (
				0EB4E2A11B2B19B10007192A /* Scroll2.app */,
				0EB4E2BD1B2B19B10007192A /* Scroll2Tests.xctest */,
			);
			name = Products;
			sourceTree = "<group>";
		};
		0EB4E2A31B2B19B10007192A /* Scroll2 */ = {
			isa = PBXGroup;
			children = (
				0EB4E2A81B2B19B10007192A /* AppDelegate.h */,
				0EB4E2A91B2B19B10007192A /* AppDelegate.m */,
				0EB4E2AE1B2B19B10007192A /* ViewController.h */,
				0EB4E2AF1B2B19B10007192A /* ViewController.m */,
				0EB4E2B11B2B19B10007192A /* Main.storyboard */,
				0EB4E2B41B2B19B10007192A /* Images.xcassets */,
				0EB4E2B61B2B19B10007192A /* LaunchScreen.xib */,
				0EB4E2AB1B2B19B10007192A /* Scroll2.xcdatamodeld */,
				0EB4E2A41B2B19B10007192A /* Supporting Files */,
			);
			path = Scroll2;
			sourceTree = "<group>";
		};
		0EB4E2A41B2B19B10007192A /* Supporting Files */ = {
			isa = PBXGroup;
			children = (
				0EB4E2A51B2B19B10007192A /* Info.plist */,
				0EB4E2A61B2B19B10007192A /* main.m */,
			);
			name = "Supporting Files";
			sourceTree = "<group>";
		};
		0EB4E2C01B2B19B10007192A /* Scroll2Tests */ = {
			isa = PBXGroup;
			children = (
				0EB4E2C31B2B19B10007192A /* Scroll2Tests.m */,
				0EB4E2C11B2B19B10007192A /* Supporting Files */,
			);
			path = Scroll2Tests;
			sourceTree = "<group>";
		};
		0EB4E2C11B2B19B10007192A /* Supporting Files */ = {
			isa = PBXGroup;
			children = (
				0EB4E2C21B2B19B10007192A /* Info.plist */,
			);
			name = "Supporting Files";
			sourceTree = "<group>";
		};
		0EB4E2CE1B2B19DA0007192A /* images */ = {
			isa = PBXGroup;
			children = (
				0EB4E2CF1B2B19E80007192A /* 1.jpg */,
				0EB4E2D01B2B19E80007192A /* 2.jpg */,
				0EB4E2D11B2B19E80007192A /* 3.jpg */,
			);
			name = images;
			sourceTree = "<group>";
		};
/* End PBXGroup section */

/* Begin PBXNativeTarget section */
		0EB4E2A01B2B19B10007192A /* Scroll2 */ = {
			isa = PBXNativeTarget;
			buildConfigurationList = 0EB4E2C71B2B19B10007192A /* Build configuration list for PBXNativeTarget "Scroll2" */;
			buildPhases = (
				0EB4E29D1B2B19B10007192A /* Sources */,
				0EB4E29E1B2B19B10007192A /* Frameworks */,
				0EB4E29F1B2B19B10007192A /* Resources */,
			);
			buildRules = (
			);
			dependencies = (
			);
			name = Scroll2;
			productName = Scroll2;
			productReference = 0EB4E2A11B2B19B10007192A /* Scroll2.app */;
			productType = "com.apple.product-type.application";
		};
		0EB4E2BC1B2B19B10007192A /* Scroll2Tests */ = {
			isa = PBXNativeTarget;
			buildConfigurationList = 0EB4E2CA1B2B19B10007192A /* Build configuration list for PBXNativeTarget "Scroll2Tests" */;
			buildPhases = (
				0EB4E2B91B2B19B10007192A /* Sources */,
				0EB4E2BA1B2B19B10007192A /* Frameworks */,
				0EB4E2BB1B2B19B10007192A /* Resources */,
			);
			buildRules = (
			);
			dependencies = (
				0EB4E2BF1B2B19B10007192A /* PBXTargetDependency */,
			);
			name = Scroll2Tests;
			productName = Scroll2Tests;
			productReference = 0EB4E2BD1B2B19B10007192A /* Scroll2Tests.xctest */;
			productType = "com.apple.product-type.bundle.unit-test";
		};
/* End PBXNativeTarget section */

/* Begin PBXProject section */
		0EB4E2991B2B19B10007192A /* Project object */ = {
			isa = PBXProject;
			attributes = {
				LastUpgradeCheck = 0630;
				ORGANIZATIONNAME = "OA Wu";
				TargetAttributes = {
					0EB4E2A01B2B19B10007192A = {
						CreatedOnToolsVersion = 6.3.2;
						DevelopmentTeam = V6T9TGS4ET;
					};
					0EB4E2BC1B2B19B10007192A = {
						CreatedOnToolsVersion = 6.3.2;
						TestTargetID = 0EB4E2A01B2B19B10007192A;
					};
				};
			};
			buildConfigurationList = 0EB4E29C1B2B19B10007192A /* Build configuration list for PBXProject "Scroll2" */;
			compatibilityVersion = "Xcode 3.2";
			developmentRegion = English;
			hasScannedForEncodings = 0;
			knownRegions = (
				en,
				Base,
			);
			mainGroup = 0EB4E2981B2B19B10007192A;
			productRefGroup = 0EB4E2A21B2B19B10007192A /* Products */;
			projectDirPath = "";
			projectRoot = "";
			targets = (
				0EB4E2A01B2B19B10007192A /* Scroll2 */,
				0EB4E2BC1B2B19B10007192A /* Scroll2Tests */,
			);
		};
/* End PBXProject section */

/* Begin PBXResourcesBuildPhase section */
		0EB4E29F1B2B19B10007192A /* Resources */ = {
			isa = PBXResourcesBuildPhase;
			buildActionMask = 2147483647;
			files = (
				0EB4E2B31B2B19B10007192A /* Main.storyboard in Resources */,
				0EB4E2D21B2B19E80007192A /* 1.jpg in Resources */,
				0EB4E2D31B2B19E80007192A /* 2.jpg in Resources */,
				0EB4E2D41B2B19E80007192A /* 3.jpg in Resources */,
				0EB4E2B81B2B19B10007192A /* LaunchScreen.xib in Resources */,
				0EB4E2B51B2B19B10007192A /* Images.xcassets in Resources */,
			);
			runOnlyForDeploymentPostprocessing = 0;
		};
		0EB4E2BB1B2B19B10007192A /* Resources */ = {
			isa = PBXResourcesBuildPhase;
			buildActionMask = 2147483647;
			files = (
			);
			runOnlyForDeploymentPostprocessing = 0;
		};
/* End PBXResourcesBuildPhase section */

/* Begin PBXSourcesBuildPhase section */
		0EB4E29D1B2B19B10007192A /* Sources */ = {
			isa = PBXSourcesBuildPhase;
			buildActionMask = 2147483647;
			files = (
				0EB4E2AA1B2B19B10007192A /* AppDelegate.m in Sources */,
				0EB4E2A71B2B19B10007192A /* main.m in Sources */,
				0EB4E2B01B2B19B10007192A /* ViewController.m in Sources */,
				0EB4E2AD1B2B19B10007192A /* Scroll2.xcdatamodeld in Sources */,
			);
			runOnlyForDeploymentPostprocessing = 0;
		};
		0EB4E2B91B2B19B10007192A /* Sources */ = {
			isa = PBXSourcesBuildPhase;
			buildActionMask = 2147483647;
			files = (
				0EB4E2C41B2B19B10007192A /* Scroll2Tests.m in Sources */,
			);
			runOnlyForDeploymentPostprocessing = 0;
		};
/* End PBXSourcesBuildPhase section */

/* Begin PBXTargetDependency section */
		0EB4E2BF1B2B19B10007192A /* PBXTargetDependency */ = {
			isa = PBXTargetDependency;
			target = 0EB4E2A01B2B19B10007192A /* Scroll2 */;
			targetProxy = 0EB4E2BE1B2B19B10007192A /* PBXContainerItemProxy */;
		};
/* End PBXTargetDependency section */

/* Begin PBXVariantGroup section */
		0EB4E2B11B2B19B10007192A /* Main.storyboard */ = {
			isa = PBXVariantGroup;
			children = (
				0EB4E2B21B2B19B10007192A /* Base */,
			);
			name = Main.storyboard;
			sourceTree = "<group>";
		};
		0EB4E2B61B2B19B10007192A /* LaunchScreen.xib */ = {
			isa = PBXVariantGroup;
			children = (
				0EB4E2B71B2B19B10007192A /* Base */,
			);
			name = LaunchScreen.xib;
			sourceTree = "<group>";
		};
/* End PBXVariantGroup section */

/* Begin XCBuildConfiguration section */
		0EB4E2C51B2B19B10007192A /* Debug */ = {
			isa = XCBuildConfiguration;
			buildSettings = {
				ALWAYS_SEARCH_USER_PATHS = NO;
				CLANG_CXX_LANGUAGE_STANDARD = "gnu++0x";
				CLANG_CXX_LIBRARY = "libc++";
				CLANG_ENABLE_MODULES = YES;
				CLANG_ENABLE_OBJC_ARC = YES;
				CLANG_WARN_BOOL_CONVERSION = YES;
				CLANG_WARN_CONSTANT_CONVERSION = YES;
				CLANG_WARN_DIRECT_OBJC_ISA_USAGE = YES_ERROR;
				CLANG_WARN_EMPTY_BODY = YES;
				CLANG_WARN_ENUM_CONVERSION = YES;
				CLANG_WARN_INT_CONVERSION = YES;
				CLANG_WARN_OBJC_ROOT_CLASS = YES_ERROR;
				CLANG_WARN_UNREACHABLE_CODE = YES;
				CLANG_WARN__DUPLICATE_METHOD_MATCH = YES;
				"CODE_SIGN_IDENTITY[sdk=iphoneos*]" = "iPhone Developer";
				COPY_PHASE_STRIP = NO;
				DEBUG_INFORMATION_FORMAT = "dwarf-with-dsym";
				ENABLE_STRICT_OBJC_MSGSEND = YES;
				GCC_C_LANGUAGE_STANDARD = gnu99;
				GCC_DYNAMIC_NO_PIC = NO;
				GCC_NO_COMMON_BLOCKS = YES;
				GCC_OPTIMIZATION_LEVEL = 0;
				GCC_PREPROCESSOR_DEFINITIONS = (
					"DEBUG=1",
					"$(inherited)",
				);
				GCC_SYMBOLS_PRIVATE_EXTERN = NO;
				GCC_WARN_64_TO_32_BIT_CONVERSION = YES;
				GCC_WARN_ABOUT_RETURN_TYPE = YES_ERROR;
				GCC_WARN_UNDECLARED_SELECTOR = YES;
				GCC_WARN_UNINITIALIZED_AUTOS = YES_AGGRESSIVE;
				GCC_WARN_UNUSED_FUNCTION = YES;
				GCC_WARN_UNUSED_VARIABLE = YES;
				IPHONEOS_DEPLOYMENT_TARGET = 8.3;
				MTL_ENABLE_DEBUG_INFO = YES;
				ONLY_ACTIVE_ARCH = YES;
				SDKROOT = iphoneos;
			};
			name = Debug;
		};
		0EB4E2C61B2B19B10007192A /* Release */ = {
			isa = XCBuildConfiguration;
			buildSettings = {
				ALWAYS_SEARCH_USER_PATHS = NO;
				CLANG_CXX_LANGUAGE_STANDARD = "gnu++0x";
				CLANG_CXX_LIBRARY = "libc++";
				CLANG_ENABLE_MODULES = YES;
				CLANG_ENABLE_OBJC_ARC = YES;
				CLANG_WARN_BOOL_CONVERSION = YES;
				CLANG_WARN_CONSTANT_CONVERSION = YES;
				CLANG_WARN_DIRECT_OBJC_ISA_USAGE = YES_ERROR;
				CLANG_WARN_EMPTY_BODY = YES;
				CLANG_WARN_ENUM_CONVERSION = YES;
				CLANG_WARN_INT_CONVERSION = YES;
				CLANG_WARN_OBJC_ROOT_CLASS = YES_ERROR;
				CLANG_WARN_UNREACHABLE_CODE = YES;
				CLANG_WARN__DUPLICATE_METHOD_MATCH = YES;
				"CODE_SIGN_IDENTITY[sdk=iphoneos*]" = "iPhone Developer";
				COPY_PHASE_STRIP = NO;
				DEBUG_INFORMATION_FORMAT = "dwarf-with-dsym";
				ENABLE_NS_ASSERTIONS = NO;
				ENABLE_STRICT_OBJC_MSGSEND = YES;
				GCC_C_LANGUAGE_STANDARD = gnu99;
				GCC_NO_COMMON_BLOCKS = YES;
				GCC_WARN_64_TO_32_BIT_CONVERSION = YES;
				GCC_WARN_ABOUT_RETURN_TYPE = YES_ERROR;
				GCC_WARN_UNDECLARED_SELECTOR = YES;
				GCC_WARN_UNINITIALIZED_AUTOS = YES_AGGRESSIVE;
				GCC_WARN_UNUSED_FUNCTION = YES;
				GCC_WARN_UNUSED_VARIABLE = YES;
				IPHONEOS_DEPLOYMENT_TARGET = 8.3;
				MTL_ENABLE_DEBUG_INFO = NO;
				SDKROOT = iphoneos;
				VALIDATE_PRODUCT = YES;
			};
			name = Release;
		};
		0EB4E2C81B2B19B10007192A /* Debug */ = {
			isa = XCBuildConfiguration;
			buildSettings = {
				ASSETCATALOG_COMPILER_APPICON_NAME = AppIcon;
				CODE_SIGN_IDENTITY = "iPhone Developer";
				INFOPLIST_FILE = Scroll2/Info.plist;
				LD_RUNPATH_SEARCH_PATHS = "$(inherited) @executable_path/Frameworks";
				PRODUCT_NAME = "$(TARGET_NAME)";
			};
			name = Debug;
		};
		0EB4E2C91B2B19B10007192A /* Release */ = {
			isa = XCBuildConfiguration;
			buildSettings = {
				ASSETCATALOG_COMPILER_APPICON_NAME = AppIcon;
				CODE_SIGN_IDENTITY = "iPhone Developer";
				INFOPLIST_FILE = Scroll2/Info.plist;
				LD_RUNPATH_SEARCH_PATHS = "$(inherited) @executable_path/Frameworks";
				PRODUCT_NAME = "$(TARGET_NAME)";
			};
			name = Release;
		};
		0EB4E2CB1B2B19B10007192A /* Debug */ = {
			isa = XCBuildConfiguration;
			buildSettings = {
				BUNDLE_LOADER = "$(TEST_HOST)";
				FRAMEWORK_SEARCH_PATHS = (
					"$(SDKROOT)/Developer/Library/Frameworks",
					"$(inherited)",
				);
				GCC_PREPROCESSOR_DEFINITIONS = (
					"DEBUG=1",
					"$(inherited)",
				);
				INFOPLIST_FILE = Scroll2Tests/Info.plist;
				LD_RUNPATH_SEARCH_PATHS = "$(inherited) @executable_path/Frameworks @loader_path/Frameworks";
				PRODUCT_NAME = "$(TARGET_NAME)";
				TEST_HOST = "$(BUILT_PRODUCTS_DIR)/Scroll2.app/Scroll2";
			};
			name = Debug;
		};
		0EB4E2CC1B2B19B10007192A /* Release */ = {
			isa = XCBuildConfiguration;
			buildSettings = {
				BUNDLE_LOADER = "$(TEST_HOST)";
				FRAMEWORK_SEARCH_PATHS = (
					"$(SDKROOT)/Developer/Library/Frameworks",
					"$(inherited)",
				);
				INFOPLIST_FILE = Scroll2Tests/Info.plist;
				LD_RUNPATH_SEARCH_PATHS = "$(inherited) @executable_path/Frameworks @loader_path/Frameworks";
				PRODUCT_NAME = "$(TARGET_NAME)";
				TEST_HOST = "$(BUILT_PRODUCTS_DIR)/Scroll2.app/Scroll2";
			};
			name = Release;
		};
/* End XCBuildConfiguration section */

/* Begin XCConfigurationList section */
		0EB4E29C1B2B19B10007192A /* Build configuration list for PBXProject "Scroll2" */ = {
			isa = XCConfigurationList;
			buildConfigurations = (
				0EB4E2C51B2B19B10007192A /* Debug */,
				0EB4E2C61B2B19B10007192A /* Release */,
			);
			defaultConfigurationIsVisible = 0;
			defaultConfigurationName = Release;
		};
		0EB4E2C71B2B19B10007192A /* Build configuration list for PBXNativeTarget "Scroll2" */ = {
			isa = XCConfigurationList;
			buildConfigurations = (
				0EB4E2C81B2B19B10007192A /* Debug */,
				0EB4E2C91B2B19B10007192A /* Release */,
			);
			defaultConfigurationIsVisible = 0;
		};
		0EB4E2CA1B2B19B10007192A /* Build configuration list for PBXNativeTarget "Scroll2Tests" */ = {
			isa = XCConfigurationList;
			buildConfigurations = (
				0EB4E2CB1B2B19B10007192A /* Debug */,
				0EB4E2CC1B2B19B10007192A /* Release */,
			);
			defaultConfigurationIsVisible = 0;
		};
/* End XCConfigurationList section */

/* Begin XCVersionGroup section */
		0EB4E2AB1B2B19B10007192A /* Scroll2.xcdatamodeld */ = {
			isa = XCVersionGroup;
			children = (
				0EB4E2AC1B2B19B10007192A /* Scroll2.xcdatamodel */,
			);
			currentVersion = 0EB4E2AC1B2B19B10007192A /* Scroll2.xcdatamodel */;
			path = Scroll2.xcdatamodeld;
			sourceTree = "<group>";
			versionGroupType = wrapper.xcdatamodel;
		};
/* End XCVersionGroup section */
	};
	rootObject = 0EB4E2991B2B19B10007192A /* Project object */;
}
